{
  "requires": true,
  "lockfileVersion": 1,
  "dependencies": {
    "@ionic-native/paypal": {
      "version": "5.17.1",
      "resolved": "https://registry.npmjs.org/@ionic-native/paypal/-/paypal-5.17.1.tgz",
      "integrity": "sha512-YnWkKo4RwlOyHKNZqLswSXXrt3p0mSqYWJ3+sAulyi0LzHnDd9BUlwIvuziM2uDbwlMDpr9nVs428I9UgMgIPw==",
      "requires": {
        "@types/cordova": "^0.0.34"
      }
    },
    "@types/cordova": {
      "version": "0.0.34",
      "resolved": "https://registry.npmjs.org/@types/cordova/-/cordova-0.0.34.tgz",
      "integrity": "sha1-6nrd907Ow9dimCegw54smt3HPQQ="
    }
  }
}
